// !$*UTF8*$!
{
	archiveVersion = 1;
	classes = {
	};
	objectVersion = 46;
	objects = {

/* Begin PBXBuildFile section */
		5F3E3A261C7DCD9700F945B4 /* CFGradientLabel.m in Sources */ = {isa = PBXBuildFile; fileRef = 5F3E3A251C7DCD9700F945B4 /* CFGradientLabel.m */; };
		5F53418D1C86B74C00C3C803 /* MultiColorView.m in Sources */ = {isa = PBXBuildFile; fileRef = 5F53418C1C86B74C00C3C803 /* MultiColorView.m */; };
		5F6149B71C7BDC590052429D /* main.m in Sources */ = {isa = PBXBuildFile; fileRef = 5F6149B61C7BDC590052429D /* main.m */; };
		5F6149BA1C7BDC590052429D /* AppDelegate.m in Sources */ = {isa = PBXBuildFile; fileRef = 5F6149B91C7BDC590052429D /* AppDelegate.m */; };
		5F6149BD1C7BDC590052429D /* ViewController.m in Sources */ = {isa = PBXBuildFile; fileRef = 5F6149BC1C7BDC590052429D /* ViewController.m */; };
		5F6149C01C7BDC590052429D /* Main.storyboard in Resources */ = {isa = PBXBuildFile; fileRef = 5F6149BE1C7BDC590052429D /* Main.storyboard */; };
		5F6149C21C7BDC590052429D /* Assets.xcassets in Resources */ = {isa = PBXBuildFile; fileRef = 5F6149C11C7BDC590052429D /* Assets.xcassets */; };
		5F6149C51C7BDC590052429D /* LaunchScreen.storyboard in Resources */ = {isa = PBXBuildFile; fileRef = 5F6149C31C7BDC590052429D /* LaunchScreen.storyboard */; };
		5F6149CE1C7BDC7A0052429D /* ApisConsultUnite.m in Sources */ = {isa = PBXBuildFile; fileRef = 5F6149CD1C7BDC7A0052429D /* ApisConsultUnite.m */; };
		5F966FD61C7D420400515076 /* ConsultTitleCollectionCell.m in Sources */ = {isa = PBXBuildFile; fileRef = 5F966FD41C7D420400515076 /* ConsultTitleCollectionCell.m */; };
		5F966FD71C7D420400515076 /* ConsultTitleCollectionCell.xib in Resources */ = {isa = PBXBuildFile; fileRef = 5F966FD51C7D420400515076 /* ConsultTitleCollectionCell.xib */; };
/* End PBXBuildFile section */

/* Begin PBXFileReference section */
		5F3E3A241C7DCD9700F945B4 /* CFGradientLabel.h */ = {isa = PBXFileReference; fileEncoding = 4; lastKnownFileType = sourcecode.c.h; path = CFGradientLabel.h; sourceTree = "<group>"; };
		5F3E3A251C7DCD9700F945B4 /* CFGradientLabel.m */ = {isa = PBXFileReference; fileEncoding = 4; lastKnownFileType = sourcecode.c.objc; path = CFGradientLabel.m; sourceTree = "<group>"; };
		5F53418B1C86B74C00C3C803 /* MultiColorView.h */ = {isa = PBXFileReference; fileEncoding = 4; lastKnownFileType = sourcecode.c.h; path = MultiColorView.h; sourceTree = "<group>"; };
		5F53418C1C86B74C00C3C803 /* MultiColorView.m */ = {isa = PBXFileReference; fileEncoding = 4; lastKnownFileType = sourcecode.c.objc; path = MultiColorView.m; sourceTree = "<group>"; };
		5F6149B21C7BDC590052429D /* ConsultItem.app */ = {isa = PBXFileReference; explicitFileType = wrapper.application; includeInIndex = 0; path = ConsultItem.app; sourceTree = BUILT_PRODUCTS_DIR; };
		5F6149B61C7BDC590052429D /* main.m */ = {isa = PBXFileReference; lastKnownFileType = sourcecode.c.objc; path = main.m; sourceTree = "<group>"; };
		5F6149B81C7BDC590052429D /* AppDelegate.h */ = {isa = PBXFileReference; lastKnownFileType = sourcecode.c.h; path = AppDelegate.h; sourceTree = "<group>"; };
		5F6149B91C7BDC590052429D /* AppDelegate.m */ = {isa = PBXFileReference; lastKnownFileType = sourcecode.c.objc; path = AppDelegate.m; sourceTree = "<group>"; };
		5F6149BB1C7BDC590052429D /* ViewController.h */ = {isa = PBXFileReference; lastKnownFileType = sourcecode.c.h; path = ViewController.h; sourceTree = "<group>"; };
		5F6149BC1C7BDC590052429D /* ViewController.m */ = {isa = PBXFileReference; lastKnownFileType = sourcecode.c.objc; path = ViewController.m; sourceTree = "<group>"; };
		5F6149BF1C7BDC590052429D /* Base */ = {isa = PBXFileReference; lastKnownFileType = file.storyboard; name = Base; path = Base.lproj/Main.storyboard; sourceTree = "<group>"; };
		5F6149C11C7BDC590052429D /* Assets.xcassets */ = {isa = PBXFileReference; lastKnownFileType = folder.assetcatalog; path = Assets.xcassets; sourceTree = "<group>"; };
		5F6149C41C7BDC590052429D /* Base */ = {isa = PBXFileReference; lastKnownFileType = file.storyboard; name = Base; path = Base.lproj/LaunchScreen.storyboard; sourceTree = "<group>"; };
		5F6149C61C7BDC590052429D /* Info.plist */ = {isa = PBXFileReference; lastKnownFileType = text.plist.xml; path = Info.plist; sourceTree = "<group>"; };
		5F6149CC1C7BDC7A0052429D /* ApisConsultUnite.h */ = {isa = PBXFileReference; fileEncoding = 4; lastKnownFileType = sourcecode.c.h; path = ApisConsultUnite.h; sourceTree = "<group>"; };
		5F6149CD1C7BDC7A0052429D /* ApisConsultUnite.m */ = {isa = PBXFileReference; fileEncoding = 4; lastKnownFileType = sourcecode.c.objc; path = ApisConsultUnite.m; sourceTree = "<group>"; };
		5F966FD31C7D420400515076 /* ConsultTitleCollectionCell.h */ = {isa = PBXFileReference; fileEncoding = 4; lastKnownFileType = sourcecode.c.h; path = ConsultTitleCollectionCell.h; sourceTree = "<group>"; };
		5F966FD41C7D420400515076 /* ConsultTitleCollectionCell.m */ = {isa = PBXFileReference; fileEncoding = 4; lastKnownFileType = sourcecode.c.objc; path = ConsultTitleCollectionCell.m; sourceTree = "<group>"; };
		5F966FD51C7D420400515076 /* ConsultTitleCollectionCell.xib */ = {isa = PBXFileReference; fileEncoding = 4; lastKnownFileType = file.xib; path = ConsultTitleCollectionCell.xib; sourceTree = "<group>"; };
/* End PBXFileReference section */

/* Begin PBXFrameworksBuildPhase section */
		5F6149AF1C7BDC590052429D /* Frameworks */ = {
			isa = PBXFrameworksBuildPhase;
			buildActionMask = 2147483647;
			files = (
			);
			runOnlyForDeploymentPostprocessing = 0;
		};
/* End PBXFrameworksBuildPhase section */

/* Begin PBXGroup section */
		5F6149A91C7BDC580052429D = {
			isa = PBXGroup;
			children = (
				5F6149B41C7BDC590052429D /* ConsultItem */,
				5F6149B31C7BDC590052429D /* Products */,
			);
			sourceTree = "<group>";
		};
		5F6149B31C7BDC590052429D /* Products */ = {
			isa = PBXGroup;
			children = (
				5F6149B21C7BDC590052429D /* ConsultItem.app */,
			);
			name = Products;
			sourceTree = "<group>";
		};
		5F6149B41C7BDC590052429D /* ConsultItem */ = {
			isa = PBXGroup;
			children = (
				5F6149B81C7BDC590052429D /* AppDelegate.h */,
				5F6149B91C7BDC590052429D /* AppDelegate.m */,
				5F6149BB1C7BDC590052429D /* ViewController.h */,
				5F6149BC1C7BDC590052429D /* ViewController.m */,
				5F53418B1C86B74C00C3C803 /* MultiColorView.h */,
				5F53418C1C86B74C00C3C803 /* MultiColorView.m */,
				5F6149CC1C7BDC7A0052429D /* ApisConsultUnite.h */,
				5F6149CD1C7BDC7A0052429D /* ApisConsultUnite.m */,
				5F3E3A241C7DCD9700F945B4 /* CFGradientLabel.h */,
				5F3E3A251C7DCD9700F945B4 /* CFGradientLabel.m */,
				5F966FD31C7D420400515076 /* ConsultTitleCollectionCell.h */,
				5F966FD41C7D420400515076 /* ConsultTitleCollectionCell.m */,
				5F966FD51C7D420400515076 /* ConsultTitleCollectionCell.xib */,
				5F6149BE1C7BDC590052429D /* Main.storyboard */,
				5F6149C11C7BDC590052429D /* Assets.xcassets */,
				5F6149C31C7BDC590052429D /* LaunchScreen.storyboard */,
				5F6149C61C7BDC590052429D /* Info.plist */,
				5F6149B51C7BDC590052429D /* Supporting Files */,
			);
			path = ConsultItem;
			sourceTree = "<group>";
		};
		5F6149B51C7BDC590052429D /* Supporting Files */ = {
			isa = PBXGroup;
			children = (
				5F6149B61C7BDC590052429D /* main.m */,
			);
			name = "Supporting Files";
			sourceTree = "<group>";
		};
/* End PBXGroup section */

/* Begin PBXNativeTarget section */
		5F6149B11C7BDC590052429D /* ConsultItem */ = {
			isa = PBXNativeTarget;
			buildConfigurationList = 5F6149C91C7BDC590052429D /* Build configuration list for PBXNativeTarget "ConsultItem" */;
			buildPhases = (
				5F6149AE1C7BDC590052429D /* Sources */,
				5F6149AF1C7BDC590052429D /* Frameworks */,
				5F6149B01C7BDC590052429D /* Resources */,
			);
			buildRules = (
			);
			dependencies = (
			);
			name = ConsultItem;
			productName = ConsultItem;
			productReference = 5F6149B21C7BDC590052429D /* ConsultItem.app */;
			productType = "com.apple.product-type.application";
		};
/* End PBXNativeTarget section */

/* Begin PBXProject section */
		5F6149AA1C7BDC580052429D /* Project object */ = {
			isa = PBXProject;
			attributes = {
				LastUpgradeCheck = 0720;
				ORGANIZATIONNAME = "陈峰";
				TargetAttributes = {
					5F6149B11C7BDC590052429D = {
						CreatedOnToolsVersion = 7.2.1;
					};
				};
			};
			buildConfigurationList = 5F6149AD1C7BDC580052429D /* Build configuration list for PBXProject "ConsultItem" */;
			compatibilityVersion = "Xcode 3.2";
			developmentRegion = English;
			hasScannedForEncodings = 0;
			knownRegions = (
				en,
				Base,
			);
			mainGroup = 5F6149A91C7BDC580052429D;
			productRefGroup = 5F6149B31C7BDC590052429D /* Products */;
			projectDirPath = "";
			projectRoot = "";
			targets = (
				5F6149B11C7BDC590052429D /* ConsultItem */,
			);
		};
/* End PBXProject section */

/* Begin PBXResourcesBuildPhase section */
		5F6149B01C7BDC590052429D /* Resources */ = {
			isa = PBXResourcesBuildPhase;
			buildActionMask = 2147483647;
			files = (
				5F6149C51C7BDC590052429D /* LaunchScreen.storyboard in Resources */,
				5F966FD71C7D420400515076 /* ConsultTitleCollectionCell.xib in Resources */,
				5F6149C21C7BDC590052429D /* Assets.xcassets in Resources */,
				5F6149C01C7BDC590052429D /* Main.storyboard in Resources */,
			);
			runOnlyForDeploymentPostprocessing = 0;
		};
/* End PBXResourcesBuildPhase section */

/* Begin PBXSourcesBuildPhase section */
		5F6149AE1C7BDC590052429D /* Sources */ = {
			isa = PBXSourcesBuildPhase;
			buildActionMask = 2147483647;
			files = (
				5F6149BD1C7BDC590052429D /* ViewController.m in Sources */,
				5F6149BA1C7BDC590052429D /* AppDelegate.m in Sources */,
				5F6149B71C7BDC590052429D /* main.m in Sources */,
				5F6149CE1C7BDC7A0052429D /* ApisConsultUnite.m in Sources */,
				5F966FD61C7D420400515076 /* ConsultTitleCollectionCell.m in Sources */,
				5F53418D1C86B74C00C3C803 /* MultiColorView.m in Sources */,
				5F3E3A261C7DCD9700F945B4 /* CFGradientLabel.m in Sources */,
			);
			runOnlyForDeploymentPostprocessing = 0;
		};
/* End PBXSourcesBuildPhase section */

/* Begin PBXVariantGroup section */
		5F6149BE1C7BDC590052429D /* Main.storyboard */ = {
			isa = PBXVariantGroup;
			children = (
				5F6149BF1C7BDC590052429D /* Base */,
			);
			name = Main.storyboard;
			sourceTree = "<group>";
		};
		5F6149C31C7BDC590052429D /* LaunchScreen.storyboard */ = {
			isa = PBXVariantGroup;
			children = (
				5F6149C41C7BDC590052429D /* Base */,
			);
			name = LaunchScreen.storyboard;
			sourceTree = "<group>";
		};
/* End PBXVariantGroup section */

/* Begin XCBuildConfiguration section */
		5F6149C71C7BDC590052429D /* Debug */ = {
			isa = XCBuildConfiguration;
			buildSettings = {
				ALWAYS_SEARCH_USER_PATHS = NO;
				CLANG_CXX_LANGUAGE_STANDARD = "gnu++0x";
				CLANG_CXX_LIBRARY = "libc++";
				CLANG_ENABLE_MODULES = YES;
				CLANG_ENABLE_OBJC_ARC = YES;
				CLANG_WARN_BOOL_CONVERSION = YES;
				CLANG_WARN_CONSTANT_CONVERSION = YES;
				CLANG_WARN_DIRECT_OBJC_ISA_USAGE = YES_ERROR;
				CLANG_WARN_EMPTY_BODY = YES;
				CLANG_WARN_ENUM_CONVERSION = YES;
				CLANG_WARN_INT_CONVERSION = YES;
				CLANG_WARN_OBJC_ROOT_CLASS = YES_ERROR;
				CLANG_WARN_UNREACHABLE_CODE = YES;
				CLANG_WARN__DUPLICATE_METHOD_MATCH = YES;
				"CODE_SIGN_IDENTITY[sdk=iphoneos*]" = "iPhone Developer";
				COPY_PHASE_STRIP = NO;
				DEBUG_INFORMATION_FORMAT = dwarf;
				ENABLE_STRICT_OBJC_MSGSEND = YES;
				ENABLE_TESTABILITY = YES;
				GCC_C_LANGUAGE_STANDARD = gnu99;
				GCC_DYNAMIC_NO_PIC = NO;
				GCC_NO_COMMON_BLOCKS = YES;
				GCC_OPTIMIZATION_LEVEL = 0;
				GCC_PREPROCESSOR_DEFINITIONS = (
					"DEBUG=1",
					"$(inherited)",
				);
				GCC_WARN_64_TO_32_BIT_CONVERSION = YES;
				GCC_WARN_ABOUT_RETURN_TYPE = YES_ERROR;
				GCC_WARN_UNDECLARED_SELECTOR = YES;
				GCC_WARN_UNINITIALIZED_AUTOS = YES_AGGRESSIVE;
				GCC_WARN_UNUSED_FUNCTION = YES;
				GCC_WARN_UNUSED_VARIABLE = YES;
				IPHONEOS_DEPLOYMENT_TARGET = 9.2;
				MTL_ENABLE_DEBUG_INFO = YES;
				ONLY_ACTIVE_ARCH = YES;
				SDKROOT = iphoneos;
			};
			name = Debug;
		};
		5F6149C81C7BDC590052429D /* Release */ = {
			isa = XCBuildConfiguration;
			buildSettings = {
				ALWAYS_SEARCH_USER_PATHS = NO;
				CLANG_CXX_LANGUAGE_STANDARD = "gnu++0x";
				CLANG_CXX_LIBRARY = "libc++";
				CLANG_ENABLE_MODULES = YES;
				CLANG_ENABLE_OBJC_ARC = YES;
				CLANG_WARN_BOOL_CONVERSION = YES;
				CLANG_WARN_CONSTANT_CONVERSION = YES;
				CLANG_WARN_DIRECT_OBJC_ISA_USAGE = YES_ERROR;
				CLANG_WARN_EMPTY_BODY = YES;
				CLANG_WARN_ENUM_CONVERSION = YES;
				CLANG_WARN_INT_CONVERSION = YES;
				CLANG_WARN_OBJC_ROOT_CLASS = YES_ERROR;
				CLANG_WARN_UNREACHABLE_CODE = YES;
				CLANG_WARN__DUPLICATE_METHOD_MATCH = YES;
				"CODE_SIGN_IDENTITY[sdk=iphoneos*]" = "iPhone Developer";
				COPY_PHASE_STRIP = NO;
				DEBUG_INFORMATION_FORMAT = "dwarf-with-dsym";
				ENABLE_NS_ASSERTIONS = NO;
				ENABLE_STRICT_OBJC_MSGSEND = YES;
				GCC_C_LANGUAGE_STANDARD = gnu99;
				GCC_NO_COMMON_BLOCKS = YES;
				GCC_WARN_64_TO_32_BIT_CONVERSION = YES;
				GCC_WARN_ABOUT_RETURN_TYPE = YES_ERROR;
				GCC_WARN_UNDECLARED_SELECTOR = YES;
				GCC_WARN_UNINITIALIZED_AUTOS = YES_AGGRESSIVE;
				GCC_WARN_UNUSED_FUNCTION = YES;
				GCC_WARN_UNUSED_VARIABLE = YES;
				IPHONEOS_DEPLOYMENT_TARGET = 9.2;
				MTL_ENABLE_DEBUG_INFO = NO;
				SDKROOT = iphoneos;
				VALIDATE_PRODUCT = YES;
			};
			name = Release;
		};
		5F6149CA1C7BDC590052429D /* Debug */ = {
			isa = XCBuildConfiguration;
			buildSettings = {
				ASSETCATALOG_COMPILER_APPICON_NAME = AppIcon;
				INFOPLIST_FILE = ConsultItem/Info.plist;
				LD_RUNPATH_SEARCH_PATHS = "$(inherited) @executable_path/Frameworks";
				PRODUCT_BUNDLE_IDENTIFIER = com.apis.ConsultItem;
				PRODUCT_NAME = "$(TARGET_NAME)";
			};
			name = Debug;
		};
		5F6149CB1C7BDC590052429D /* Release */ = {
			isa = XCBuildConfiguration;
			buildSettings = {
				ASSETCATALOG_COMPILER_APPICON_NAME = AppIcon;
				INFOPLIST_FILE = ConsultItem/Info.plist;
				LD_RUNPATH_SEARCH_PATHS = "$(inherited) @executable_path/Frameworks";
				PRODUCT_BUNDLE_IDENTIFIER = com.apis.ConsultItem;
				PRODUCT_NAME = "$(TARGET_NAME)";
			};
			name = Release;
		};
/* End XCBuildConfiguration section */

/* Begin XCConfigurationList section */
		5F6149AD1C7BDC580052429D /* Build configuration list for PBXProject "ConsultItem" */ = {
			isa = XCConfigurationList;
			buildConfigurations = (
				5F6149C71C7BDC590052429D /* Debug */,
				5F6149C81C7BDC590052429D /* Release */,
			);
			defaultConfigurationIsVisible = 0;
			defaultConfigurationName = Release;
		};
		5F6149C91C7BDC590052429D /* Build configuration list for PBXNativeTarget "ConsultItem" */ = {
			isa = XCConfigurationList;
			buildConfigurations = (
				5F6149CA1C7BDC590052429D /* Debug */,
				5F6149CB1C7BDC590052429D /* Release */,
			);
			defaultConfigurationIsVisible = 0;
			defaultConfigurationName = Release;
		};
/* End XCConfigurationList section */
	};
	rootObject = 5F6149AA1C7BDC580052429D /* Project object */;
}
